
Microsoft Visual Studio Solution File, Format Version 12.00
# Visual Studio Version 16
VisualStudioVersion = 16.0.31515.178
MinimumVisualStudioVersion = 10.0.40219.1
Project("{FAE04EC0-301F-11D3-BF4B-00C04F79EFBC}") = "WebApplication1", "WebApplication1\WebApplication1.csproj", "{681C8976-C5DA-4E5C-9C4C-08F0B2F71930}"
EndProject
Global
	GlobalSection(SolutionConfigurationPlatforms) = preSolution
		Debug|Any CPU = Debug|Any CPU
		Release|Any CPU = Release|Any CPU
	EndGlobalSection
	GlobalSection(ProjectConfigurationPlatforms) = postSolution
		{681C8976-C5DA-4E5C-9C4C-08F0B2F71930}.Debug|Any CPU.ActiveCfg = Debug|Any CPU
		{681C8976-C5DA-4E5C-9C4C-08F0B2F71930}.Debug|Any CPU.Build.0 = Debug|Any CPU
		{681C8976-C5DA-4E5C-9C4C-08F0B2F71930}.Release|Any CPU.ActiveCfg = Release|Any CPU
		{681C8976-C5DA-4E5C-9C4C-08F0B2F71930}.Release|Any CPU.Build.0 = Release|Any CPU
	EndGlobalSection
	GlobalSection(SolutionProperties) = preSolution
		HideSolutionNode = FALSE
	EndGlobalSection
	GlobalSection(ExtensibilityGlobals) = postSolution
		SolutionGuid = {CDB8D8DD-BB3D-4758-B9CE-B73F58F885E9}
	EndGlobalSection
EndGlobal
